
Microsoft Visual Studio Solution File, Format Version 12.00
# Visual Studio Version 16
VisualStudioVersion = 16.0.31205.134
MinimumVisualStudioVersion = 10.0.40219.1
Project("{FAE04EC0-301F-11D3-BF4B-00C04F79EFBC}") = "Strategy", "Strategy\Strategy.csproj", "{AB430977-2482-4E51-9E9E-CE4B7F4BE940}"
EndProject
Project("{FAE04EC0-301F-11D3-BF4B-00C04F79EFBC}") = "Observer", "Observer\Observer.csproj", "{281BECC2-3AA2-434F-8871-82E4FB628A25}"
EndProject
Project("{FAE04EC0-301F-11D3-BF4B-00C04F79EFBC}") = "Adapter", "Adapter\Adapter.csproj", "{8175ED80-D312-4288-A08A-978BCF11D139}"
EndProject
Project("{FAE04EC0-301F-11D3-BF4B-00C04F79EFBC}") = "Facade", "Facade\Facade.csproj", "{AC61EC9D-11BB-4712-B213-A0C32912DE1B}"
EndProject
Project("{FAE04EC0-301F-11D3-BF4B-00C04F79EFBC}") = "Decorator", "Decorator\Decorator.csproj", "{5FAE850D-36C4-4254-B143-277C74A92221}"
EndProject
Global
	GlobalSection(SolutionConfigurationPlatforms) = preSolution
		Debug|Any CPU = Debug|Any CPU
		Release|Any CPU = Release|Any CPU
	EndGlobalSection
	GlobalSection(ProjectConfigurationPlatforms) = postSolution
		{AB430977-2482-4E51-9E9E-CE4B7F4BE940}.Debug|Any CPU.ActiveCfg = Debug|Any CPU
		{AB430977-2482-4E51-9E9E-CE4B7F4BE940}.Debug|Any CPU.Build.0 = Debug|Any CPU
		{AB430977-2482-4E51-9E9E-CE4B7F4BE940}.Release|Any CPU.ActiveCfg = Release|Any CPU
		{AB430977-2482-4E51-9E9E-CE4B7F4BE940}.Release|Any CPU.Build.0 = Release|Any CPU
		{281BECC2-3AA2-434F-8871-82E4FB628A25}.Debug|Any CPU.ActiveCfg = Debug|Any CPU
		{281BECC2-3AA2-434F-8871-82E4FB628A25}.Debug|Any CPU.Build.0 = Debug|Any CPU
		{281BECC2-3AA2-434F-8871-82E4FB628A25}.Release|Any CPU.ActiveCfg = Release|Any CPU
		{281BECC2-3AA2-434F-8871-82E4FB628A25}.Release|Any CPU.Build.0 = Release|Any CPU
		{8175ED80-D312-4288-A08A-978BCF11D139}.Debug|Any CPU.ActiveCfg = Debug|Any CPU
		{8175ED80-D312-4288-A08A-978BCF11D139}.Debug|Any CPU.Build.0 = Debug|Any CPU
		{8175ED80-D312-4288-A08A-978BCF11D139}.Release|Any CPU.ActiveCfg = Release|Any CPU
		{8175ED80-D312-4288-A08A-978BCF11D139}.Release|Any CPU.Build.0 = Release|Any CPU
		{AC61EC9D-11BB-4712-B213-A0C32912DE1B}.Debug|Any CPU.ActiveCfg = Debug|Any CPU
		{AC61EC9D-11BB-4712-B213-A0C32912DE1B}.Debug|Any CPU.Build.0 = Debug|Any CPU
		{AC61EC9D-11BB-4712-B213-A0C32912DE1B}.Release|Any CPU.ActiveCfg = Release|Any CPU
		{AC61EC9D-11BB-4712-B213-A0C32912DE1B}.Release|Any CPU.Build.0 = Release|Any CPU
		{5FAE850D-36C4-4254-B143-277C74A92221}.Debug|Any CPU.ActiveCfg = Debug|Any CPU
		{5FAE850D-36C4-4254-B143-277C74A92221}.Debug|Any CPU.Build.0 = Debug|Any CPU
		{5FAE850D-36C4-4254-B143-277C74A92221}.Release|Any CPU.ActiveCfg = Release|Any CPU
		{5FAE850D-36C4-4254-B143-277C74A92221}.Release|Any CPU.Build.0 = Release|Any CPU
	EndGlobalSection
	GlobalSection(SolutionProperties) = preSolution
		HideSolutionNode = FALSE
	EndGlobalSection
	GlobalSection(ExtensibilityGlobals) = postSolution
		SolutionGuid = {927810AF-4EAD-43E6-9DCE-EE94A046DE48}
	EndGlobalSection
EndGlobal
